// !$*UTF8*$!
{
	archiveVersion = 1;
	classes = {
	};
	objectVersion = 50;
	objects = {

/* Begin PBXBuildFile section */
		DA3CC16921B63B3D004CEAC5 /* dayNight.swift in Sources */ = {isa = PBXBuildFile; fileRef = DA3CC16821B63B3D004CEAC5 /* dayNight.swift */; };
		DAC096EA219D1C9E001F46C7 /* AppDelegate.swift in Sources */ = {isa = PBXBuildFile; fileRef = DAC096E9219D1C9E001F46C7 /* AppDelegate.swift */; };
		DAC096EC219D1C9E001F46C7 /* ViewController.swift in Sources */ = {isa = PBXBuildFile; fileRef = DAC096EB219D1C9E001F46C7 /* ViewController.swift */; };
		DAC096EF219D1C9E001F46C7 /* Main.storyboard in Resources */ = {isa = PBXBuildFile; fileRef = DAC096ED219D1C9E001F46C7 /* Main.storyboard */; };
		DAC096F2219D1C9E001F46C7 /* em36362_Final_Project.xcdatamodeld in Sources */ = {isa = PBXBuildFile; fileRef = DAC096F0219D1C9E001F46C7 /* em36362_Final_Project.xcdatamodeld */; };
		DAC096F4219D1C9F001F46C7 /* Assets.xcassets in Resources */ = {isa = PBXBuildFile; fileRef = DAC096F3219D1C9F001F46C7 /* Assets.xcassets */; };
		DAC096F7219D1C9F001F46C7 /* LaunchScreen.storyboard in Resources */ = {isa = PBXBuildFile; fileRef = DAC096F5219D1C9F001F46C7 /* LaunchScreen.storyboard */; };
		DAE731A521AFA35C00363352 /* night.xib in Resources */ = {isa = PBXBuildFile; fileRef = DAE731A421AFA35C00363352 /* night.xib */; };
		DAE731A721AFA3B200363352 /* night.swift in Sources */ = {isa = PBXBuildFile; fileRef = DAE731A621AFA3B200363352 /* night.swift */; };
/* End PBXBuildFile section */

/* Begin PBXFileReference section */
		DA3CC16821B63B3D004CEAC5 /* dayNight.swift */ = {isa = PBXFileReference; lastKnownFileType = sourcecode.swift; path = dayNight.swift; sourceTree = "<group>"; };
		DAC096E6219D1C9E001F46C7 /* em36362_Final_Project.app */ = {isa = PBXFileReference; explicitFileType = wrapper.application; includeInIndex = 0; path = em36362_Final_Project.app; sourceTree = BUILT_PRODUCTS_DIR; };
		DAC096E9219D1C9E001F46C7 /* AppDelegate.swift */ = {isa = PBXFileReference; lastKnownFileType = sourcecode.swift; path = AppDelegate.swift; sourceTree = "<group>"; };
		DAC096EB219D1C9E001F46C7 /* ViewController.swift */ = {isa = PBXFileReference; lastKnownFileType = sourcecode.swift; path = ViewController.swift; sourceTree = "<group>"; };
		DAC096EE219D1C9E001F46C7 /* Base */ = {isa = PBXFileReference; lastKnownFileType = file.storyboard; name = Base; path = Base.lproj/Main.storyboard; sourceTree = "<group>"; };
		DAC096F1219D1C9E001F46C7 /* em36362_Final_Project.xcdatamodel */ = {isa = PBXFileReference; lastKnownFileType = wrapper.xcdatamodel; path = em36362_Final_Project.xcdatamodel; sourceTree = "<group>"; };
		DAC096F3219D1C9F001F46C7 /* Assets.xcassets */ = {isa = PBXFileReference; lastKnownFileType = folder.assetcatalog; path = Assets.xcassets; sourceTree = "<group>"; };
		DAC096F6219D1C9F001F46C7 /* Base */ = {isa = PBXFileReference; lastKnownFileType = file.storyboard; name = Base; path = Base.lproj/LaunchScreen.storyboard; sourceTree = "<group>"; };
		DAC096F8219D1C9F001F46C7 /* Info.plist */ = {isa = PBXFileReference; lastKnownFileType = text.plist.xml; path = Info.plist; sourceTree = "<group>"; };
		DAE731A421AFA35C00363352 /* night.xib */ = {isa = PBXFileReference; lastKnownFileType = file.xib; path = night.xib; sourceTree = "<group>"; };
		DAE731A621AFA3B200363352 /* night.swift */ = {isa = PBXFileReference; lastKnownFileType = sourcecode.swift; path = night.swift; sourceTree = "<group>"; };
/* End PBXFileReference section */

/* Begin PBXFrameworksBuildPhase section */
		DAC096E3219D1C9E001F46C7 /* Frameworks */ = {
			isa = PBXFrameworksBuildPhase;
			buildActionMask = 2147483647;
			files = (
			);
			runOnlyForDeploymentPostprocessing = 0;
		};
/* End PBXFrameworksBuildPhase section */

/* Begin PBXGroup section */
		DAC096DD219D1C9E001F46C7 = {
			isa = PBXGroup;
			children = (
				DAC096E8219D1C9E001F46C7 /* em36362_Final_Project */,
				DAC096E7219D1C9E001F46C7 /* Products */,
			);
			sourceTree = "<group>";
		};
		DAC096E7219D1C9E001F46C7 /* Products */ = {
			isa = PBXGroup;
			children = (
				DAC096E6219D1C9E001F46C7 /* em36362_Final_Project.app */,
			);
			name = Products;
			sourceTree = "<group>";
		};
		DAC096E8219D1C9E001F46C7 /* em36362_Final_Project */ = {
			isa = PBXGroup;
			children = (
				DAC096E9219D1C9E001F46C7 /* AppDelegate.swift */,
				DAC096EB219D1C9E001F46C7 /* ViewController.swift */,
				DAC096ED219D1C9E001F46C7 /* Main.storyboard */,
				DAC096F3219D1C9F001F46C7 /* Assets.xcassets */,
				DAC096F5219D1C9F001F46C7 /* LaunchScreen.storyboard */,
				DAC096F8219D1C9F001F46C7 /* Info.plist */,
				DAC096F0219D1C9E001F46C7 /* em36362_Final_Project.xcdatamodeld */,
				DAE731A421AFA35C00363352 /* night.xib */,
				DAE731A621AFA3B200363352 /* night.swift */,
				DA3CC16821B63B3D004CEAC5 /* dayNight.swift */,
			);
			path = em36362_Final_Project;
			sourceTree = "<group>";
		};
/* End PBXGroup section */

/* Begin PBXNativeTarget section */
		DAC096E5219D1C9E001F46C7 /* em36362_Final_Project */ = {
			isa = PBXNativeTarget;
			buildConfigurationList = DAC096FB219D1C9F001F46C7 /* Build configuration list for PBXNativeTarget "em36362_Final_Project" */;
			buildPhases = (
				DAC096E2219D1C9E001F46C7 /* Sources */,
				DAC096E3219D1C9E001F46C7 /* Frameworks */,
				DAC096E4219D1C9E001F46C7 /* Resources */,
			);
			buildRules = (
			);
			dependencies = (
			);
			name = em36362_Final_Project;
			productName = em36362_Final_Project;
			productReference = DAC096E6219D1C9E001F46C7 /* em36362_Final_Project.app */;
			productType = "com.apple.product-type.application";
		};
/* End PBXNativeTarget section */

/* Begin PBXProject section */
		DAC096DE219D1C9E001F46C7 /* Project object */ = {
			isa = PBXProject;
			attributes = {
				LastSwiftUpdateCheck = 0940;
				LastUpgradeCheck = 0940;
				ORGANIZATIONNAME = "Eric Moe";
				TargetAttributes = {
					DAC096E5219D1C9E001F46C7 = {
						CreatedOnToolsVersion = 9.4.1;
					};
				};
			};
			buildConfigurationList = DAC096E1219D1C9E001F46C7 /* Build configuration list for PBXProject "em36362_Final_Project" */;
			compatibilityVersion = "Xcode 9.3";
			developmentRegion = en;
			hasScannedForEncodings = 0;
			knownRegions = (
				en,
				Base,
			);
			mainGroup = DAC096DD219D1C9E001F46C7;
			productRefGroup = DAC096E7219D1C9E001F46C7 /* Products */;
			projectDirPath = "";
			projectRoot = "";
			targets = (
				DAC096E5219D1C9E001F46C7 /* em36362_Final_Project */,
			);
		};
/* End PBXProject section */

/* Begin PBXResourcesBuildPhase section */
		DAC096E4219D1C9E001F46C7 /* Resources */ = {
			isa = PBXResourcesBuildPhase;
			buildActionMask = 2147483647;
			files = (
				DAE731A521AFA35C00363352 /* night.xib in Resources */,
				DAC096F7219D1C9F001F46C7 /* LaunchScreen.storyboard in Resources */,
				DAC096F4219D1C9F001F46C7 /* Assets.xcassets in Resources */,
				DAC096EF219D1C9E001F46C7 /* Main.storyboard in Resources */,
			);
			runOnlyForDeploymentPostprocessing = 0;
		};
/* End PBXResourcesBuildPhase section */

/* Begin PBXSourcesBuildPhase section */
		DAC096E2219D1C9E001F46C7 /* Sources */ = {
			isa = PBXSourcesBuildPhase;
			buildActionMask = 2147483647;
			files = (
				DAE731A721AFA3B200363352 /* night.swift in Sources */,
				DAC096EC219D1C9E001F46C7 /* ViewController.swift in Sources */,
				DAC096EA219D1C9E001F46C7 /* AppDelegate.swift in Sources */,
				DAC096F2219D1C9E001F46C7 /* em36362_Final_Project.xcdatamodeld in Sources */,
				DA3CC16921B63B3D004CEAC5 /* dayNight.swift in Sources */,
			);
			runOnlyForDeploymentPostprocessing = 0;
		};
/* End PBXSourcesBuildPhase section */

/* Begin PBXVariantGroup section */
		DAC096ED219D1C9E001F46C7 /* Main.storyboard */ = {
			isa = PBXVariantGroup;
			children = (
				DAC096EE219D1C9E001F46C7 /* Base */,
			);
			name = Main.storyboard;
			sourceTree = "<group>";
		};
		DAC096F5219D1C9F001F46C7 /* LaunchScreen.storyboard */ = {
			isa = PBXVariantGroup;
			children = (
				DAC096F6219D1C9F001F46C7 /* Base */,
			);
			name = LaunchScreen.storyboard;
			sourceTree = "<group>";
		};
/* End PBXVariantGroup section */

/* Begin XCBuildConfiguration section */
		DAC096F9219D1C9F001F46C7 /* Debug */ = {
			isa = XCBuildConfiguration;
			buildSettings = {
				ALWAYS_SEARCH_USER_PATHS = NO;
				CLANG_ANALYZER_NONNULL = YES;
				CLANG_ANALYZER_NUMBER_OBJECT_CONVERSION = YES_AGGRESSIVE;
				CLANG_CXX_LANGUAGE_STANDARD = "gnu++14";
				CLANG_CXX_LIBRARY = "libc++";
				CLANG_ENABLE_MODULES = YES;
				CLANG_ENABLE_OBJC_ARC = YES;
				CLANG_ENABLE_OBJC_WEAK = YES;
				CLANG_WARN_BLOCK_CAPTURE_AUTORELEASING = YES;
				CLANG_WARN_BOOL_CONVERSION = YES;
				CLANG_WARN_COMMA = YES;
				CLANG_WARN_CONSTANT_CONVERSION = YES;
				CLANG_WARN_DEPRECATED_OBJC_IMPLEMENTATIONS = YES;
				CLANG_WARN_DIRECT_OBJC_ISA_USAGE = YES_ERROR;
				CLANG_WARN_DOCUMENTATION_COMMENTS = YES;
				CLANG_WARN_EMPTY_BODY = YES;
				CLANG_WARN_ENUM_CONVERSION = YES;
				CLANG_WARN_INFINITE_RECURSION = YES;
				CLANG_WARN_INT_CONVERSION = YES;
				CLANG_WARN_NON_LITERAL_NULL_CONVERSION = YES;
				CLANG_WARN_OBJC_IMPLICIT_RETAIN_SELF = YES;
				CLANG_WARN_OBJC_LITERAL_CONVERSION = YES;
				CLANG_WARN_OBJC_ROOT_CLASS = YES_ERROR;
				CLANG_WARN_RANGE_LOOP_ANALYSIS = YES;
				CLANG_WARN_STRICT_PROTOTYPES = YES;
				CLANG_WARN_SUSPICIOUS_MOVE = YES;
				CLANG_WARN_UNGUARDED_AVAILABILITY = YES_AGGRESSIVE;
				CLANG_WARN_UNREACHABLE_CODE = YES;
				CLANG_WARN__DUPLICATE_METHOD_MATCH = YES;
				CODE_SIGN_IDENTITY = "iPhone Developer";
				COPY_PHASE_STRIP = NO;
				DEBUG_INFORMATION_FORMAT = dwarf;
				ENABLE_STRICT_OBJC_MSGSEND = YES;
				ENABLE_TESTABILITY = YES;
				GCC_C_LANGUAGE_STANDARD = gnu11;
				GCC_DYNAMIC_NO_PIC = NO;
				GCC_NO_COMMON_BLOCKS = YES;
				GCC_OPTIMIZATION_LEVEL = 0;
				GCC_PREPROCESSOR_DEFINITIONS = (
					"DEBUG=1",
					"$(inherited)",
				);
				GCC_WARN_64_TO_32_BIT_CONVERSION = YES;
				GCC_WARN_ABOUT_RETURN_TYPE = YES_ERROR;
				GCC_WARN_UNDECLARED_SELECTOR = YES;
				GCC_WARN_UNINITIALIZED_AUTOS = YES_AGGRESSIVE;
				GCC_WARN_UNUSED_FUNCTION = YES;
				GCC_WARN_UNUSED_VARIABLE = YES;
				IPHONEOS_DEPLOYMENT_TARGET = 11.4;
				MTL_ENABLE_DEBUG_INFO = YES;
				ONLY_ACTIVE_ARCH = YES;
				SDKROOT = iphoneos;
				SWIFT_ACTIVE_COMPILATION_CONDITIONS = DEBUG;
				SWIFT_OPTIMIZATION_LEVEL = "-Onone";
			};
			name = Debug;
		};
		DAC096FA219D1C9F001F46C7 /* Release */ = {
			isa = XCBuildConfiguration;
			buildSettings = {
				ALWAYS_SEARCH_USER_PATHS = NO;
				CLANG_ANALYZER_NONNULL = YES;
				CLANG_ANALYZER_NUMBER_OBJECT_CONVERSION = YES_AGGRESSIVE;
				CLANG_CXX_LANGUAGE_STANDARD = "gnu++14";
				CLANG_CXX_LIBRARY = "libc++";
				CLANG_ENABLE_MODULES = YES;
				CLANG_ENABLE_OBJC_ARC = YES;
				CLANG_ENABLE_OBJC_WEAK = YES;
				CLANG_WARN_BLOCK_CAPTURE_AUTORELEASING = YES;
				CLANG_WARN_BOOL_CONVERSION = YES;
				CLANG_WARN_COMMA = YES;
				CLANG_WARN_CONSTANT_CONVERSION = YES;
				CLANG_WARN_DEPRECATED_OBJC_IMPLEMENTATIONS = YES;
				CLANG_WARN_DIRECT_OBJC_ISA_USAGE = YES_ERROR;
				CLANG_WARN_DOCUMENTATION_COMMENTS = YES;
				CLANG_WARN_EMPTY_BODY = YES;
				CLANG_WARN_ENUM_CONVERSION = YES;
				CLANG_WARN_INFINITE_RECURSION = YES;
				CLANG_WARN_INT_CONVERSION = YES;
				CLANG_WARN_NON_LITERAL_NULL_CONVERSION = YES;
				CLANG_WARN_OBJC_IMPLICIT_RETAIN_SELF = YES;
				CLANG_WARN_OBJC_LITERAL_CONVERSION = YES;
				CLANG_WARN_OBJC_ROOT_CLASS = YES_ERROR;
				CLANG_WARN_RANGE_LOOP_ANALYSIS = YES;
				CLANG_WARN_STRICT_PROTOTYPES = YES;
				CLANG_WARN_SUSPICIOUS_MOVE = YES;
				CLANG_WARN_UNGUARDED_AVAILABILITY = YES_AGGRESSIVE;
				CLANG_WARN_UNREACHABLE_CODE = YES;
				CLANG_WARN__DUPLICATE_METHOD_MATCH = YES;
				CODE_SIGN_IDENTITY = "iPhone Developer";
				COPY_PHASE_STRIP = NO;
				DEBUG_INFORMATION_FORMAT = "dwarf-with-dsym";
				ENABLE_NS_ASSERTIONS = NO;
				ENABLE_STRICT_OBJC_MSGSEND = YES;
				GCC_C_LANGUAGE_STANDARD = gnu11;
				GCC_NO_COMMON_BLOCKS = YES;
				GCC_WARN_64_TO_32_BIT_CONVERSION = YES;
				GCC_WARN_ABOUT_RETURN_TYPE = YES_ERROR;
				GCC_WARN_UNDECLARED_SELECTOR = YES;
				GCC_WARN_UNINITIALIZED_AUTOS = YES_AGGRESSIVE;
				GCC_WARN_UNUSED_FUNCTION = YES;
				GCC_WARN_UNUSED_VARIABLE = YES;
				IPHONEOS_DEPLOYMENT_TARGET = 11.4;
				MTL_ENABLE_DEBUG_INFO = NO;
				SDKROOT = iphoneos;
				SWIFT_COMPILATION_MODE = wholemodule;
				SWIFT_OPTIMIZATION_LEVEL = "-O";
				VALIDATE_PRODUCT = YES;
			};
			name = Release;
		};
		DAC096FC219D1C9F001F46C7 /* Debug */ = {
			isa = XCBuildConfiguration;
			buildSettings = {
				ASSETCATALOG_COMPILER_APPICON_NAME = AppIcon;
				CODE_SIGN_STYLE = Automatic;
				DEVELOPMENT_TEAM = 9X755NF4CU;
				INFOPLIST_FILE = em36362_Final_Project/Info.plist;
				LD_RUNPATH_SEARCH_PATHS = (
					"$(inherited)",
					"@executable_path/Frameworks",
				);
				PRODUCT_BUNDLE_IDENTIFIER = "co.ericmoe.em36362-Final-Project";
				PRODUCT_NAME = "$(TARGET_NAME)";
				SWIFT_VERSION = 4.0;
				TARGETED_DEVICE_FAMILY = "1,2";
			};
			name = Debug;
		};
		DAC096FD219D1C9F001F46C7 /* Release */ = {
			isa = XCBuildConfiguration;
			buildSettings = {
				ASSETCATALOG_COMPILER_APPICON_NAME = AppIcon;
				CODE_SIGN_STYLE = Automatic;
				DEVELOPMENT_TEAM = 9X755NF4CU;
				INFOPLIST_FILE = em36362_Final_Project/Info.plist;
				LD_RUNPATH_SEARCH_PATHS = (
					"$(inherited)",
					"@executable_path/Frameworks",
				);
				PRODUCT_BUNDLE_IDENTIFIER = "co.ericmoe.em36362-Final-Project";
				PRODUCT_NAME = "$(TARGET_NAME)";
				SWIFT_VERSION = 4.0;
				TARGETED_DEVICE_FAMILY = "1,2";
			};
			name = Release;
		};
/* End XCBuildConfiguration section */

/* Begin XCConfigurationList section */
		DAC096E1219D1C9E001F46C7 /* Build configuration list for PBXProject "em36362_Final_Project" */ = {
			isa = XCConfigurationList;
			buildConfigurations = (
				DAC096F9219D1C9F001F46C7 /* Debug */,
				DAC096FA219D1C9F001F46C7 /* Release */,
			);
			defaultConfigurationIsVisible = 0;
			defaultConfigurationName = Release;
		};
		DAC096FB219D1C9F001F46C7 /* Build configuration list for PBXNativeTarget "em36362_Final_Project" */ = {
			isa = XCConfigurationList;
			buildConfigurations = (
				DAC096FC219D1C9F001F46C7 /* Debug */,
				DAC096FD219D1C9F001F46C7 /* Release */,
			);
			defaultConfigurationIsVisible = 0;
			defaultConfigurationName = Release;
		};
/* End XCConfigurationList section */

/* Begin XCVersionGroup section */
		DAC096F0219D1C9E001F46C7 /* em36362_Final_Project.xcdatamodeld */ = {
			isa = XCVersionGroup;
			children = (
				DAC096F1219D1C9E001F46C7 /* em36362_Final_Project.xcdatamodel */,
			);
			currentVersion = DAC096F1219D1C9E001F46C7 /* em36362_Final_Project.xcdatamodel */;
			path = em36362_Final_Project.xcdatamodeld;
			sourceTree = "<group>";
			versionGroupType = wrapper.xcdatamodel;
		};
/* End XCVersionGroup section */
	};
	rootObject = DAC096DE219D1C9E001F46C7 /* Project object */;
}
